
Microsoft Visual Studio Solution File, Format Version 12.00
# Visual Studio Version 17
VisualStudioVersion = 17.5.33530.505
MinimumVisualStudioVersion = 10.0.40219.1
Project("{FAE04EC0-301F-11D3-BF4B-00C04F79EFBC}") = "car-dealership", "car-dealership.csproj", "{53367A2D-045B-4BE7-BA02-54BB3FC919C6}"
EndProject
Global
	GlobalSection(SolutionConfigurationPlatforms) = preSolution
		Debug|Any CPU = Debug|Any CPU
		Release|Any CPU = Release|Any CPU
	EndGlobalSection
	GlobalSection(ProjectConfigurationPlatforms) = postSolution
		{53367A2D-045B-4BE7-BA02-54BB3FC919C6}.Debug|Any CPU.ActiveCfg = Debug|Any CPU
		{53367A2D-045B-4BE7-BA02-54BB3FC919C6}.Debug|Any CPU.Build.0 = Debug|Any CPU
		{53367A2D-045B-4BE7-BA02-54BB3FC919C6}.Release|Any CPU.ActiveCfg = Release|Any CPU
		{53367A2D-045B-4BE7-BA02-54BB3FC919C6}.Release|Any CPU.Build.0 = Release|Any CPU
	EndGlobalSection
	GlobalSection(SolutionProperties) = preSolution
		HideSolutionNode = FALSE
	EndGlobalSection
	GlobalSection(ExtensibilityGlobals) = postSolution
		SolutionGuid = {A5899FCA-7B86-4795-8521-D7E4BD709105}
	EndGlobalSection
EndGlobal
